
Microsoft Visual Studio Solution File, Format Version 10.00
# Visual C++ Express 2008
Project("{8BC9CEB8-8B4A-11D0-8D11-00A0C91BC942}") = "FlareStar", "FlareStar.vcproj", "{90CAC75A-9388-4DE4-B924-5B3B1E7CDBCB}"
EndProject
Project("{8BC9CEB8-8B4A-11D0-8D11-00A0C91BC942}") = "ColDet", "..\Libraries\ColDet\src\coldet.vcproj", "{369DD442-EE25-4B2D-A8A5-6018B2E9BAF9}"
EndProject
Project("{8BC9CEB8-8B4A-11D0-8D11-00A0C91BC942}") = "LibOgg", "..\Libraries\LibOgg\win32\ogg_static.vcproj", "{E6516BFF-7D7D-4690-911D-8A3A1F741532}"
EndProject
Project("{8BC9CEB8-8B4A-11D0-8D11-00A0C91BC942}") = "LibVorbis", "..\Libraries\LibVorbis\win32\vorbis_static.vcproj", "{24C75DF0-2A5F-426F-A580-351835C57BE6}"
EndProject
Project("{8BC9CEB8-8B4A-11D0-8D11-00A0C91BC942}") = "VorbisFile", "..\Libraries\LibVorbis\win32\vorbisfile_static.vcproj", "{C8433A6F-682C-44BC-9DEE-3E796687A622}"
EndProject
Project("{8BC9CEB8-8B4A-11D0-8D11-00A0C91BC942}") = "OIS", "..\Libraries\OIS\Win32\OIS.vcproj", "{9CC704CB-4956-4479-BDEC-57CBC03F700E}"
EndProject
Project("{8BC9CEB8-8B4A-11D0-8D11-00A0C91BC942}") = "OpenAL", "..\Libraries\OpenAL\Win32\openal32.vcproj", "{A6F77565-4FFE-4DD1-B7CE-3FB6BC834E3F}"
EndProject
Project("{8BC9CEB8-8B4A-11D0-8D11-00A0C91BC942}") = "Squirrel", "..\Libraries\Squirrel\squirrel\squirrel.vcproj", "{B5A025E1-7D87-4993-B6DA-A2B1B25C7449}"
EndProject
Project("{8BC9CEB8-8B4A-11D0-8D11-00A0C91BC942}") = "SqStdLib", "..\Libraries\Squirrel\sqstdlib\sqstdlib.vcproj", "{EB127173-2F60-4B79-AA26-3D05CBC12A84}"
EndProject
Project("{8BC9CEB8-8B4A-11D0-8D11-00A0C91BC942}") = "TinyXml", "..\Libraries\TinyXml\tinyxml_lib.vcproj", "{C406DAEC-0886-4771-8DEA-9D7329B46CC1}"
EndProject
Project("{8BC9CEB8-8B4A-11D0-8D11-00A0C91BC942}") = "OgreAL", "..\Libraries\OgreAL\OgreAL\OgreALVC9.vcproj", "{B6BCFC49-994D-49F7-994B-2D9E70176E92}"
EndProject
Project("{8BC9CEB8-8B4A-11D0-8D11-00A0C91BC942}") = "OgreMain", "..\Libraries\OGRE\OgreMain\scripts\OgreMain.vcproj", "{35AFBABB-DF05-43DE-91A7-BB828A874015}"
EndProject
Project("{8BC9CEB8-8B4A-11D0-8D11-00A0C91BC942}") = "MyGUIEngine", "..\Libraries\MyGUI\MyGUIEngine\MyGUIEngine_v8.vcproj", "{405A03C7-B201-4D0B-BCC6-9DB8B707A62A}"
EndProject
Global
	GlobalSection(SolutionConfigurationPlatforms) = preSolution
		Debug|Win32 = Debug|Win32
		DebugStaticLib|Win32 = DebugStaticLib|Win32
		MinSizeRel|Win32 = MinSizeRel|Win32
		OIS_DebugDll|Win32 = OIS_DebugDll|Win32
		OIS_ReleaseDll|Win32 = OIS_ReleaseDll|Win32
		Release|Win32 = Release|Win32
		ReleaseStaticLib|Win32 = ReleaseStaticLib|Win32
		RelWithDebInfo|Win32 = RelWithDebInfo|Win32
	EndGlobalSection
	GlobalSection(ProjectConfigurationPlatforms) = postSolution
		{90CAC75A-9388-4DE4-B924-5B3B1E7CDBCB}.Debug|Win32.ActiveCfg = Debug|Win32
		{90CAC75A-9388-4DE4-B924-5B3B1E7CDBCB}.Debug|Win32.Build.0 = Debug|Win32
		{90CAC75A-9388-4DE4-B924-5B3B1E7CDBCB}.DebugStaticLib|Win32.ActiveCfg = Debug|Win32
		{90CAC75A-9388-4DE4-B924-5B3B1E7CDBCB}.DebugStaticLib|Win32.Build.0 = Debug|Win32
		{90CAC75A-9388-4DE4-B924-5B3B1E7CDBCB}.MinSizeRel|Win32.ActiveCfg = Release|Win32
		{90CAC75A-9388-4DE4-B924-5B3B1E7CDBCB}.MinSizeRel|Win32.Build.0 = Release|Win32
		{90CAC75A-9388-4DE4-B924-5B3B1E7CDBCB}.OIS_DebugDll|Win32.ActiveCfg = Debug|Win32
		{90CAC75A-9388-4DE4-B924-5B3B1E7CDBCB}.OIS_DebugDll|Win32.Build.0 = Debug|Win32
		{90CAC75A-9388-4DE4-B924-5B3B1E7CDBCB}.OIS_ReleaseDll|Win32.ActiveCfg = Release|Win32
		{90CAC75A-9388-4DE4-B924-5B3B1E7CDBCB}.OIS_ReleaseDll|Win32.Build.0 = Release|Win32
		{90CAC75A-9388-4DE4-B924-5B3B1E7CDBCB}.Release|Win32.ActiveCfg = Release|Win32
		{90CAC75A-9388-4DE4-B924-5B3B1E7CDBCB}.Release|Win32.Build.0 = Release|Win32
		{90CAC75A-9388-4DE4-B924-5B3B1E7CDBCB}.ReleaseStaticLib|Win32.ActiveCfg = Release|Win32
		{90CAC75A-9388-4DE4-B924-5B3B1E7CDBCB}.ReleaseStaticLib|Win32.Build.0 = Release|Win32
		{90CAC75A-9388-4DE4-B924-5B3B1E7CDBCB}.RelWithDebInfo|Win32.ActiveCfg = Release|Win32
		{90CAC75A-9388-4DE4-B924-5B3B1E7CDBCB}.RelWithDebInfo|Win32.Build.0 = Release|Win32
		{369DD442-EE25-4B2D-A8A5-6018B2E9BAF9}.Debug|Win32.ActiveCfg = Debug|Win32
		{369DD442-EE25-4B2D-A8A5-6018B2E9BAF9}.DebugStaticLib|Win32.ActiveCfg = Debug|Win32
		{369DD442-EE25-4B2D-A8A5-6018B2E9BAF9}.DebugStaticLib|Win32.Build.0 = Debug|Win32
		{369DD442-EE25-4B2D-A8A5-6018B2E9BAF9}.MinSizeRel|Win32.ActiveCfg = Release|Win32
		{369DD442-EE25-4B2D-A8A5-6018B2E9BAF9}.MinSizeRel|Win32.Build.0 = Release|Win32
		{369DD442-EE25-4B2D-A8A5-6018B2E9BAF9}.OIS_DebugDll|Win32.ActiveCfg = Debug|Win32
		{369DD442-EE25-4B2D-A8A5-6018B2E9BAF9}.OIS_DebugDll|Win32.Build.0 = Debug|Win32
		{369DD442-EE25-4B2D-A8A5-6018B2E9BAF9}.OIS_ReleaseDll|Win32.ActiveCfg = Release|Win32
		{369DD442-EE25-4B2D-A8A5-6018B2E9BAF9}.OIS_ReleaseDll|Win32.Build.0 = Release|Win32
		{369DD442-EE25-4B2D-A8A5-6018B2E9BAF9}.Release|Win32.ActiveCfg = Release|Win32
		{369DD442-EE25-4B2D-A8A5-6018B2E9BAF9}.ReleaseStaticLib|Win32.ActiveCfg = Release|Win32
		{369DD442-EE25-4B2D-A8A5-6018B2E9BAF9}.ReleaseStaticLib|Win32.Build.0 = Release|Win32
		{369DD442-EE25-4B2D-A8A5-6018B2E9BAF9}.RelWithDebInfo|Win32.ActiveCfg = Release|Win32
		{369DD442-EE25-4B2D-A8A5-6018B2E9BAF9}.RelWithDebInfo|Win32.Build.0 = Release|Win32
		{E6516BFF-7D7D-4690-911D-8A3A1F741532}.Debug|Win32.ActiveCfg = Debug|Win32
		{E6516BFF-7D7D-4690-911D-8A3A1F741532}.DebugStaticLib|Win32.ActiveCfg = Debug|Win32
		{E6516BFF-7D7D-4690-911D-8A3A1F741532}.DebugStaticLib|Win32.Build.0 = Debug|Win32
		{E6516BFF-7D7D-4690-911D-8A3A1F741532}.MinSizeRel|Win32.ActiveCfg = Debug|Win32
		{E6516BFF-7D7D-4690-911D-8A3A1F741532}.MinSizeRel|Win32.Build.0 = Debug|Win32
		{E6516BFF-7D7D-4690-911D-8A3A1F741532}.OIS_DebugDll|Win32.ActiveCfg = Debug|Win32
		{E6516BFF-7D7D-4690-911D-8A3A1F741532}.OIS_DebugDll|Win32.Build.0 = Debug|Win32
		{E6516BFF-7D7D-4690-911D-8A3A1F741532}.OIS_ReleaseDll|Win32.ActiveCfg = Release|Win32
		{E6516BFF-7D7D-4690-911D-8A3A1F741532}.OIS_ReleaseDll|Win32.Build.0 = Release|Win32
		{E6516BFF-7D7D-4690-911D-8A3A1F741532}.Release|Win32.ActiveCfg = Release|Win32
		{E6516BFF-7D7D-4690-911D-8A3A1F741532}.ReleaseStaticLib|Win32.ActiveCfg = Release|Win32
		{E6516BFF-7D7D-4690-911D-8A3A1F741532}.ReleaseStaticLib|Win32.Build.0 = Release|Win32
		{E6516BFF-7D7D-4690-911D-8A3A1F741532}.RelWithDebInfo|Win32.ActiveCfg = Release|Win32
		{E6516BFF-7D7D-4690-911D-8A3A1F741532}.RelWithDebInfo|Win32.Build.0 = Release|Win32
		{24C75DF0-2A5F-426F-A580-351835C57BE6}.Debug|Win32.ActiveCfg = Debug|Win32
		{24C75DF0-2A5F-426F-A580-351835C57BE6}.DebugStaticLib|Win32.ActiveCfg = Debug|Win32
		{24C75DF0-2A5F-426F-A580-351835C57BE6}.DebugStaticLib|Win32.Build.0 = Debug|Win32
		{24C75DF0-2A5F-426F-A580-351835C57BE6}.MinSizeRel|Win32.ActiveCfg = Debug|Win32
		{24C75DF0-2A5F-426F-A580-351835C57BE6}.MinSizeRel|Win32.Build.0 = Debug|Win32
		{24C75DF0-2A5F-426F-A580-351835C57BE6}.OIS_DebugDll|Win32.ActiveCfg = Debug|Win32
		{24C75DF0-2A5F-426F-A580-351835C57BE6}.OIS_DebugDll|Win32.Build.0 = Debug|Win32
		{24C75DF0-2A5F-426F-A580-351835C57BE6}.OIS_ReleaseDll|Win32.ActiveCfg = Release|Win32
		{24C75DF0-2A5F-426F-A580-351835C57BE6}.OIS_ReleaseDll|Win32.Build.0 = Release|Win32
		{24C75DF0-2A5F-426F-A580-351835C57BE6}.Release|Win32.ActiveCfg = Release|Win32
		{24C75DF0-2A5F-426F-A580-351835C57BE6}.ReleaseStaticLib|Win32.ActiveCfg = Release|Win32
		{24C75DF0-2A5F-426F-A580-351835C57BE6}.ReleaseStaticLib|Win32.Build.0 = Release|Win32
		{24C75DF0-2A5F-426F-A580-351835C57BE6}.RelWithDebInfo|Win32.ActiveCfg = Release|Win32
		{24C75DF0-2A5F-426F-A580-351835C57BE6}.RelWithDebInfo|Win32.Build.0 = Release|Win32
		{C8433A6F-682C-44BC-9DEE-3E796687A622}.Debug|Win32.ActiveCfg = Debug|Win32
		{C8433A6F-682C-44BC-9DEE-3E796687A622}.DebugStaticLib|Win32.ActiveCfg = Debug|Win32
		{C8433A6F-682C-44BC-9DEE-3E796687A622}.DebugStaticLib|Win32.Build.0 = Debug|Win32
		{C8433A6F-682C-44BC-9DEE-3E796687A622}.MinSizeRel|Win32.ActiveCfg = Release|Win32
		{C8433A6F-682C-44BC-9DEE-3E796687A622}.MinSizeRel|Win32.Build.0 = Release|Win32
		{C8433A6F-682C-44BC-9DEE-3E796687A622}.OIS_DebugDll|Win32.ActiveCfg = Debug|Win32
		{C8433A6F-682C-44BC-9DEE-3E796687A622}.OIS_DebugDll|Win32.Build.0 = Debug|Win32
		{C8433A6F-682C-44BC-9DEE-3E796687A622}.OIS_ReleaseDll|Win32.ActiveCfg = Release|Win32
		{C8433A6F-682C-44BC-9DEE-3E796687A622}.OIS_ReleaseDll|Win32.Build.0 = Release|Win32
		{C8433A6F-682C-44BC-9DEE-3E796687A622}.Release|Win32.ActiveCfg = Release|Win32
		{C8433A6F-682C-44BC-9DEE-3E796687A622}.ReleaseStaticLib|Win32.ActiveCfg = Release|Win32
		{C8433A6F-682C-44BC-9DEE-3E796687A622}.ReleaseStaticLib|Win32.Build.0 = Release|Win32
		{C8433A6F-682C-44BC-9DEE-3E796687A622}.RelWithDebInfo|Win32.ActiveCfg = Release|Win32
		{C8433A6F-682C-44BC-9DEE-3E796687A622}.RelWithDebInfo|Win32.Build.0 = Release|Win32
		{9CC704CB-4956-4479-BDEC-57CBC03F700E}.Debug|Win32.ActiveCfg = Debug|Win32
		{9CC704CB-4956-4479-BDEC-57CBC03F700E}.DebugStaticLib|Win32.ActiveCfg = Debug|Win32
		{9CC704CB-4956-4479-BDEC-57CBC03F700E}.DebugStaticLib|Win32.Build.0 = Debug|Win32
		{9CC704CB-4956-4479-BDEC-57CBC03F700E}.MinSizeRel|Win32.ActiveCfg = OIS_DebugDll|Win32
		{9CC704CB-4956-4479-BDEC-57CBC03F700E}.MinSizeRel|Win32.Build.0 = OIS_DebugDll|Win32
		{9CC704CB-4956-4479-BDEC-57CBC03F700E}.OIS_DebugDll|Win32.ActiveCfg = OIS_DebugDll|Win32
		{9CC704CB-4956-4479-BDEC-57CBC03F700E}.OIS_DebugDll|Win32.Build.0 = OIS_DebugDll|Win32
		{9CC704CB-4956-4479-BDEC-57CBC03F700E}.OIS_ReleaseDll|Win32.ActiveCfg = OIS_ReleaseDll|Win32
		{9CC704CB-4956-4479-BDEC-57CBC03F700E}.OIS_ReleaseDll|Win32.Build.0 = OIS_ReleaseDll|Win32
		{9CC704CB-4956-4479-BDEC-57CBC03F700E}.Release|Win32.ActiveCfg = Release|Win32
		{9CC704CB-4956-4479-BDEC-57CBC03F700E}.ReleaseStaticLib|Win32.ActiveCfg = Release|Win32
		{9CC704CB-4956-4479-BDEC-57CBC03F700E}.ReleaseStaticLib|Win32.Build.0 = Release|Win32
		{9CC704CB-4956-4479-BDEC-57CBC03F700E}.RelWithDebInfo|Win32.ActiveCfg = Release|Win32
		{9CC704CB-4956-4479-BDEC-57CBC03F700E}.RelWithDebInfo|Win32.Build.0 = Release|Win32
		{A6F77565-4FFE-4DD1-B7CE-3FB6BC834E3F}.Debug|Win32.ActiveCfg = Debug|Win32
		{A6F77565-4FFE-4DD1-B7CE-3FB6BC834E3F}.DebugStaticLib|Win32.ActiveCfg = Debug|Win32
		{A6F77565-4FFE-4DD1-B7CE-3FB6BC834E3F}.DebugStaticLib|Win32.Build.0 = Debug|Win32
		{A6F77565-4FFE-4DD1-B7CE-3FB6BC834E3F}.MinSizeRel|Win32.ActiveCfg = MinSizeRel|Win32
		{A6F77565-4FFE-4DD1-B7CE-3FB6BC834E3F}.MinSizeRel|Win32.Build.0 = MinSizeRel|Win32
		{A6F77565-4FFE-4DD1-B7CE-3FB6BC834E3F}.OIS_DebugDll|Win32.ActiveCfg = Debug|Win32
		{A6F77565-4FFE-4DD1-B7CE-3FB6BC834E3F}.OIS_DebugDll|Win32.Build.0 = Debug|Win32
		{A6F77565-4FFE-4DD1-B7CE-3FB6BC834E3F}.OIS_ReleaseDll|Win32.ActiveCfg = Release|Win32
		{A6F77565-4FFE-4DD1-B7CE-3FB6BC834E3F}.OIS_ReleaseDll|Win32.Build.0 = Release|Win32
		{A6F77565-4FFE-4DD1-B7CE-3FB6BC834E3F}.Release|Win32.ActiveCfg = Release|Win32
		{A6F77565-4FFE-4DD1-B7CE-3FB6BC834E3F}.ReleaseStaticLib|Win32.ActiveCfg = Release|Win32
		{A6F77565-4FFE-4DD1-B7CE-3FB6BC834E3F}.ReleaseStaticLib|Win32.Build.0 = Release|Win32
		{A6F77565-4FFE-4DD1-B7CE-3FB6BC834E3F}.RelWithDebInfo|Win32.ActiveCfg = RelWithDebInfo|Win32
		{A6F77565-4FFE-4DD1-B7CE-3FB6BC834E3F}.RelWithDebInfo|Win32.Build.0 = RelWithDebInfo|Win32
		{B5A025E1-7D87-4993-B6DA-A2B1B25C7449}.Debug|Win32.ActiveCfg = Debug|Win32
		{B5A025E1-7D87-4993-B6DA-A2B1B25C7449}.DebugStaticLib|Win32.ActiveCfg = Debug|Win32
		{B5A025E1-7D87-4993-B6DA-A2B1B25C7449}.DebugStaticLib|Win32.Build.0 = Debug|Win32
		{B5A025E1-7D87-4993-B6DA-A2B1B25C7449}.MinSizeRel|Win32.ActiveCfg = Release|Win32
		{B5A025E1-7D87-4993-B6DA-A2B1B25C7449}.MinSizeRel|Win32.Build.0 = Release|Win32
		{B5A025E1-7D87-4993-B6DA-A2B1B25C7449}.OIS_DebugDll|Win32.ActiveCfg = Debug|Win32
		{B5A025E1-7D87-4993-B6DA-A2B1B25C7449}.OIS_DebugDll|Win32.Build.0 = Debug|Win32
		{B5A025E1-7D87-4993-B6DA-A2B1B25C7449}.OIS_ReleaseDll|Win32.ActiveCfg = Release|Win32
		{B5A025E1-7D87-4993-B6DA-A2B1B25C7449}.OIS_ReleaseDll|Win32.Build.0 = Release|Win32
		{B5A025E1-7D87-4993-B6DA-A2B1B25C7449}.Release|Win32.ActiveCfg = Release|Win32
		{B5A025E1-7D87-4993-B6DA-A2B1B25C7449}.ReleaseStaticLib|Win32.ActiveCfg = Release|Win32
		{B5A025E1-7D87-4993-B6DA-A2B1B25C7449}.ReleaseStaticLib|Win32.Build.0 = Release|Win32
		{B5A025E1-7D87-4993-B6DA-A2B1B25C7449}.RelWithDebInfo|Win32.ActiveCfg = Release|Win32
		{B5A025E1-7D87-4993-B6DA-A2B1B25C7449}.RelWithDebInfo|Win32.Build.0 = Release|Win32
		{EB127173-2F60-4B79-AA26-3D05CBC12A84}.Debug|Win32.ActiveCfg = Debug|Win32
		{EB127173-2F60-4B79-AA26-3D05CBC12A84}.DebugStaticLib|Win32.ActiveCfg = Debug|Win32
		{EB127173-2F60-4B79-AA26-3D05CBC12A84}.DebugStaticLib|Win32.Build.0 = Debug|Win32
		{EB127173-2F60-4B79-AA26-3D05CBC12A84}.MinSizeRel|Win32.ActiveCfg = Debug|Win32
		{EB127173-2F60-4B79-AA26-3D05CBC12A84}.MinSizeRel|Win32.Build.0 = Debug|Win32
		{EB127173-2F60-4B79-AA26-3D05CBC12A84}.OIS_DebugDll|Win32.ActiveCfg = Debug|Win32
		{EB127173-2F60-4B79-AA26-3D05CBC12A84}.OIS_DebugDll|Win32.Build.0 = Debug|Win32
		{EB127173-2F60-4B79-AA26-3D05CBC12A84}.OIS_ReleaseDll|Win32.ActiveCfg = Release|Win32
		{EB127173-2F60-4B79-AA26-3D05CBC12A84}.OIS_ReleaseDll|Win32.Build.0 = Release|Win32
		{EB127173-2F60-4B79-AA26-3D05CBC12A84}.Release|Win32.ActiveCfg = Release|Win32
		{EB127173-2F60-4B79-AA26-3D05CBC12A84}.ReleaseStaticLib|Win32.ActiveCfg = Release|Win32
		{EB127173-2F60-4B79-AA26-3D05CBC12A84}.ReleaseStaticLib|Win32.Build.0 = Release|Win32
		{EB127173-2F60-4B79-AA26-3D05CBC12A84}.RelWithDebInfo|Win32.ActiveCfg = Release|Win32
		{EB127173-2F60-4B79-AA26-3D05CBC12A84}.RelWithDebInfo|Win32.Build.0 = Release|Win32
		{C406DAEC-0886-4771-8DEA-9D7329B46CC1}.Debug|Win32.ActiveCfg = Debug|Win32
		{C406DAEC-0886-4771-8DEA-9D7329B46CC1}.DebugStaticLib|Win32.ActiveCfg = Debug|Win32
		{C406DAEC-0886-4771-8DEA-9D7329B46CC1}.DebugStaticLib|Win32.Build.0 = Debug|Win32
		{C406DAEC-0886-4771-8DEA-9D7329B46CC1}.MinSizeRel|Win32.ActiveCfg = Debug|Win32
		{C406DAEC-0886-4771-8DEA-9D7329B46CC1}.MinSizeRel|Win32.Build.0 = Debug|Win32
		{C406DAEC-0886-4771-8DEA-9D7329B46CC1}.OIS_DebugDll|Win32.ActiveCfg = Debug|Win32
		{C406DAEC-0886-4771-8DEA-9D7329B46CC1}.OIS_DebugDll|Win32.Build.0 = Debug|Win32
		{C406DAEC-0886-4771-8DEA-9D7329B46CC1}.OIS_ReleaseDll|Win32.ActiveCfg = Release|Win32
		{C406DAEC-0886-4771-8DEA-9D7329B46CC1}.OIS_ReleaseDll|Win32.Build.0 = Release|Win32
		{C406DAEC-0886-4771-8DEA-9D7329B46CC1}.Release|Win32.ActiveCfg = Release|Win32
		{C406DAEC-0886-4771-8DEA-9D7329B46CC1}.ReleaseStaticLib|Win32.ActiveCfg = Release|Win32
		{C406DAEC-0886-4771-8DEA-9D7329B46CC1}.ReleaseStaticLib|Win32.Build.0 = Release|Win32
		{C406DAEC-0886-4771-8DEA-9D7329B46CC1}.RelWithDebInfo|Win32.ActiveCfg = Release|Win32
		{C406DAEC-0886-4771-8DEA-9D7329B46CC1}.RelWithDebInfo|Win32.Build.0 = Release|Win32
		{B6BCFC49-994D-49F7-994B-2D9E70176E92}.Debug|Win32.ActiveCfg = Debug|Win32
		{B6BCFC49-994D-49F7-994B-2D9E70176E92}.DebugStaticLib|Win32.ActiveCfg = Debug|Win32
		{B6BCFC49-994D-49F7-994B-2D9E70176E92}.DebugStaticLib|Win32.Build.0 = Debug|Win32
		{B6BCFC49-994D-49F7-994B-2D9E70176E92}.MinSizeRel|Win32.ActiveCfg = Release|Win32
		{B6BCFC49-994D-49F7-994B-2D9E70176E92}.MinSizeRel|Win32.Build.0 = Release|Win32
		{B6BCFC49-994D-49F7-994B-2D9E70176E92}.OIS_DebugDll|Win32.ActiveCfg = Debug|Win32
		{B6BCFC49-994D-49F7-994B-2D9E70176E92}.OIS_DebugDll|Win32.Build.0 = Debug|Win32
		{B6BCFC49-994D-49F7-994B-2D9E70176E92}.OIS_ReleaseDll|Win32.ActiveCfg = Release|Win32
		{B6BCFC49-994D-49F7-994B-2D9E70176E92}.OIS_ReleaseDll|Win32.Build.0 = Release|Win32
		{B6BCFC49-994D-49F7-994B-2D9E70176E92}.Release|Win32.ActiveCfg = Release|Win32
		{B6BCFC49-994D-49F7-994B-2D9E70176E92}.ReleaseStaticLib|Win32.ActiveCfg = Release|Win32
		{B6BCFC49-994D-49F7-994B-2D9E70176E92}.ReleaseStaticLib|Win32.Build.0 = Release|Win32
		{B6BCFC49-994D-49F7-994B-2D9E70176E92}.RelWithDebInfo|Win32.ActiveCfg = Release|Win32
		{B6BCFC49-994D-49F7-994B-2D9E70176E92}.RelWithDebInfo|Win32.Build.0 = Release|Win32
		{35AFBABB-DF05-43DE-91A7-BB828A874015}.Debug|Win32.ActiveCfg = Debug|Win32
		{35AFBABB-DF05-43DE-91A7-BB828A874015}.DebugStaticLib|Win32.ActiveCfg = DebugStaticLib|Win32
		{35AFBABB-DF05-43DE-91A7-BB828A874015}.DebugStaticLib|Win32.Build.0 = DebugStaticLib|Win32
		{35AFBABB-DF05-43DE-91A7-BB828A874015}.MinSizeRel|Win32.ActiveCfg = ReleaseStaticLib|Win32
		{35AFBABB-DF05-43DE-91A7-BB828A874015}.MinSizeRel|Win32.Build.0 = ReleaseStaticLib|Win32
		{35AFBABB-DF05-43DE-91A7-BB828A874015}.OIS_DebugDll|Win32.ActiveCfg = Debug|Win32
		{35AFBABB-DF05-43DE-91A7-BB828A874015}.OIS_DebugDll|Win32.Build.0 = Debug|Win32
		{35AFBABB-DF05-43DE-91A7-BB828A874015}.OIS_ReleaseDll|Win32.ActiveCfg = Release|Win32
		{35AFBABB-DF05-43DE-91A7-BB828A874015}.OIS_ReleaseDll|Win32.Build.0 = Release|Win32
		{35AFBABB-DF05-43DE-91A7-BB828A874015}.Release|Win32.ActiveCfg = Release|Win32
		{35AFBABB-DF05-43DE-91A7-BB828A874015}.ReleaseStaticLib|Win32.ActiveCfg = ReleaseStaticLib|Win32
		{35AFBABB-DF05-43DE-91A7-BB828A874015}.ReleaseStaticLib|Win32.Build.0 = ReleaseStaticLib|Win32
		{35AFBABB-DF05-43DE-91A7-BB828A874015}.RelWithDebInfo|Win32.ActiveCfg = ReleaseStaticLib|Win32
		{35AFBABB-DF05-43DE-91A7-BB828A874015}.RelWithDebInfo|Win32.Build.0 = ReleaseStaticLib|Win32
		{405A03C7-B201-4D0B-BCC6-9DB8B707A62A}.Debug|Win32.ActiveCfg = Debug|Win32
		{405A03C7-B201-4D0B-BCC6-9DB8B707A62A}.DebugStaticLib|Win32.ActiveCfg = Debug|Win32
		{405A03C7-B201-4D0B-BCC6-9DB8B707A62A}.DebugStaticLib|Win32.Build.0 = Debug|Win32
		{405A03C7-B201-4D0B-BCC6-9DB8B707A62A}.MinSizeRel|Win32.ActiveCfg = Release|Win32
		{405A03C7-B201-4D0B-BCC6-9DB8B707A62A}.MinSizeRel|Win32.Build.0 = Release|Win32
		{405A03C7-B201-4D0B-BCC6-9DB8B707A62A}.OIS_DebugDll|Win32.ActiveCfg = Debug|Win32
		{405A03C7-B201-4D0B-BCC6-9DB8B707A62A}.OIS_DebugDll|Win32.Build.0 = Debug|Win32
		{405A03C7-B201-4D0B-BCC6-9DB8B707A62A}.OIS_ReleaseDll|Win32.ActiveCfg = Release|Win32
		{405A03C7-B201-4D0B-BCC6-9DB8B707A62A}.OIS_ReleaseDll|Win32.Build.0 = Release|Win32
		{405A03C7-B201-4D0B-BCC6-9DB8B707A62A}.Release|Win32.ActiveCfg = Release|Win32
		{405A03C7-B201-4D0B-BCC6-9DB8B707A62A}.Release|Win32.Build.0 = Release|Win32
		{405A03C7-B201-4D0B-BCC6-9DB8B707A62A}.ReleaseStaticLib|Win32.ActiveCfg = Release|Win32
		{405A03C7-B201-4D0B-BCC6-9DB8B707A62A}.ReleaseStaticLib|Win32.Build.0 = Release|Win32
		{405A03C7-B201-4D0B-BCC6-9DB8B707A62A}.RelWithDebInfo|Win32.ActiveCfg = Release|Win32
		{405A03C7-B201-4D0B-BCC6-9DB8B707A62A}.RelWithDebInfo|Win32.Build.0 = Release|Win32
	EndGlobalSection
	GlobalSection(SolutionProperties) = preSolution
		HideSolutionNode = FALSE
	EndGlobalSection
EndGlobal
